
Microsoft Visual Studio Solution File, Format Version 12.00
Project("{FAE04EC0-301F-11D3-BF4B-00C04F79EFBC}") = "FantasyStatsTracker.Mobile", "FantasyStatsTracker.Mobile\FantasyStatsTracker.Mobile\FantasyStatsTracker.Mobile.csproj", "{8E4E4284-AFF0-4FBC-9D1E-AE0CEF60C7DA}"
EndProject
Project("{FAE04EC0-301F-11D3-BF4B-00C04F79EFBC}") = "FantasyStatsTracker.Mobile.Android", "FantasyStatsTracker.Mobile\FantasyStatsTracker.Mobile.Android\FantasyStatsTracker.Mobile.Android.csproj", "{C01B49FA-697B-48D6-B702-287C4DAF8B43}"
EndProject
Project("{FAE04EC0-301F-11D3-BF4B-00C04F79EFBC}") = "FantasyStatsTracker.Mobile.iOS", "FantasyStatsTracker.Mobile\FantasyStatsTracker.Mobile.iOS\FantasyStatsTracker.Mobile.iOS.csproj", "{8F91DE67-CBF4-44C9-8010-3F91BC0D2C16}"
EndProject
Global
	GlobalSection(SolutionConfigurationPlatforms) = preSolution
		Ad-Hoc|iPhone = Ad-Hoc|iPhone
		AppStore|iPhone = AppStore|iPhone
		Debug|Any CPU = Debug|Any CPU
		Debug|iPhone = Debug|iPhone
		Debug|iPhoneSimulator = Debug|iPhoneSimulator
		Release|Any CPU = Release|Any CPU
		Release|iPhone = Release|iPhone
		Release|iPhoneSimulator = Release|iPhoneSimulator
	EndGlobalSection
	GlobalSection(ProjectConfigurationPlatforms) = postSolution
		{8E4E4284-AFF0-4FBC-9D1E-AE0CEF60C7DA}.Ad-Hoc|iPhone.ActiveCfg = Debug|Any CPU
		{8E4E4284-AFF0-4FBC-9D1E-AE0CEF60C7DA}.Ad-Hoc|iPhone.Build.0 = Debug|Any CPU
		{8E4E4284-AFF0-4FBC-9D1E-AE0CEF60C7DA}.AppStore|iPhone.ActiveCfg = Debug|Any CPU
		{8E4E4284-AFF0-4FBC-9D1E-AE0CEF60C7DA}.AppStore|iPhone.Build.0 = Debug|Any CPU
		{8E4E4284-AFF0-4FBC-9D1E-AE0CEF60C7DA}.Debug|Any CPU.ActiveCfg = Debug|Any CPU
		{8E4E4284-AFF0-4FBC-9D1E-AE0CEF60C7DA}.Debug|Any CPU.Build.0 = Debug|Any CPU
		{8E4E4284-AFF0-4FBC-9D1E-AE0CEF60C7DA}.Debug|iPhone.ActiveCfg = Debug|Any CPU
		{8E4E4284-AFF0-4FBC-9D1E-AE0CEF60C7DA}.Debug|iPhone.Build.0 = Debug|Any CPU
		{8E4E4284-AFF0-4FBC-9D1E-AE0CEF60C7DA}.Debug|iPhoneSimulator.ActiveCfg = Debug|Any CPU
		{8E4E4284-AFF0-4FBC-9D1E-AE0CEF60C7DA}.Debug|iPhoneSimulator.Build.0 = Debug|Any CPU
		{8E4E4284-AFF0-4FBC-9D1E-AE0CEF60C7DA}.Release|Any CPU.ActiveCfg = Release|Any CPU
		{8E4E4284-AFF0-4FBC-9D1E-AE0CEF60C7DA}.Release|Any CPU.Build.0 = Release|Any CPU
		{8E4E4284-AFF0-4FBC-9D1E-AE0CEF60C7DA}.Release|iPhone.ActiveCfg = Release|Any CPU
		{8E4E4284-AFF0-4FBC-9D1E-AE0CEF60C7DA}.Release|iPhone.Build.0 = Release|Any CPU
		{8E4E4284-AFF0-4FBC-9D1E-AE0CEF60C7DA}.Release|iPhoneSimulator.ActiveCfg = Release|Any CPU
		{8E4E4284-AFF0-4FBC-9D1E-AE0CEF60C7DA}.Release|iPhoneSimulator.Build.0 = Release|Any CPU
		{C01B49FA-697B-48D6-B702-287C4DAF8B43}.Ad-Hoc|iPhone.ActiveCfg = Debug|Any CPU
		{C01B49FA-697B-48D6-B702-287C4DAF8B43}.Ad-Hoc|iPhone.Build.0 = Debug|Any CPU
		{C01B49FA-697B-48D6-B702-287C4DAF8B43}.Ad-Hoc|iPhone.Deploy.0 = Debug|Any CPU
		{C01B49FA-697B-48D6-B702-287C4DAF8B43}.AppStore|iPhone.ActiveCfg = Debug|Any CPU
		{C01B49FA-697B-48D6-B702-287C4DAF8B43}.AppStore|iPhone.Build.0 = Debug|Any CPU
		{C01B49FA-697B-48D6-B702-287C4DAF8B43}.AppStore|iPhone.Deploy.0 = Debug|Any CPU
		{C01B49FA-697B-48D6-B702-287C4DAF8B43}.Debug|Any CPU.ActiveCfg = Debug|Any CPU
		{C01B49FA-697B-48D6-B702-287C4DAF8B43}.Debug|Any CPU.Build.0 = Debug|Any CPU
		{C01B49FA-697B-48D6-B702-287C4DAF8B43}.Debug|Any CPU.Deploy.0 = Debug|Any CPU
		{C01B49FA-697B-48D6-B702-287C4DAF8B43}.Debug|iPhone.ActiveCfg = Debug|Any CPU
		{C01B49FA-697B-48D6-B702-287C4DAF8B43}.Debug|iPhone.Build.0 = Debug|Any CPU
		{C01B49FA-697B-48D6-B702-287C4DAF8B43}.Debug|iPhone.Deploy.0 = Debug|Any CPU
		{C01B49FA-697B-48D6-B702-287C4DAF8B43}.Debug|iPhoneSimulator.ActiveCfg = Debug|Any CPU
		{C01B49FA-697B-48D6-B702-287C4DAF8B43}.Debug|iPhoneSimulator.Build.0 = Debug|Any CPU
		{C01B49FA-697B-48D6-B702-287C4DAF8B43}.Debug|iPhoneSimulator.Deploy.0 = Debug|Any CPU
		{C01B49FA-697B-48D6-B702-287C4DAF8B43}.Release|Any CPU.ActiveCfg = Release|Any CPU
		{C01B49FA-697B-48D6-B702-287C4DAF8B43}.Release|Any CPU.Build.0 = Release|Any CPU
		{C01B49FA-697B-48D6-B702-287C4DAF8B43}.Release|Any CPU.Deploy.0 = Release|Any CPU
		{C01B49FA-697B-48D6-B702-287C4DAF8B43}.Release|iPhone.ActiveCfg = Release|Any CPU
		{C01B49FA-697B-48D6-B702-287C4DAF8B43}.Release|iPhone.Build.0 = Release|Any CPU
		{C01B49FA-697B-48D6-B702-287C4DAF8B43}.Release|iPhone.Deploy.0 = Release|Any CPU
		{C01B49FA-697B-48D6-B702-287C4DAF8B43}.Release|iPhoneSimulator.ActiveCfg = Release|Any CPU
		{C01B49FA-697B-48D6-B702-287C4DAF8B43}.Release|iPhoneSimulator.Build.0 = Release|Any CPU
		{C01B49FA-697B-48D6-B702-287C4DAF8B43}.Release|iPhoneSimulator.Deploy.0 = Release|Any CPU
		{8F91DE67-CBF4-44C9-8010-3F91BC0D2C16}.Ad-Hoc|iPhone.ActiveCfg = Ad-Hoc|iPhone
		{8F91DE67-CBF4-44C9-8010-3F91BC0D2C16}.Ad-Hoc|iPhone.Build.0 = Ad-Hoc|iPhone
		{8F91DE67-CBF4-44C9-8010-3F91BC0D2C16}.Ad-Hoc|iPhone.Deploy.0 = Ad-Hoc|iPhone
		{8F91DE67-CBF4-44C9-8010-3F91BC0D2C16}.AppStore|iPhone.ActiveCfg = AppStore|iPhone
		{8F91DE67-CBF4-44C9-8010-3F91BC0D2C16}.AppStore|iPhone.Build.0 = AppStore|iPhone
		{8F91DE67-CBF4-44C9-8010-3F91BC0D2C16}.AppStore|iPhone.Deploy.0 = AppStore|iPhone
		{8F91DE67-CBF4-44C9-8010-3F91BC0D2C16}.Debug|Any CPU.ActiveCfg = Debug|iPhoneSimulator
		{8F91DE67-CBF4-44C9-8010-3F91BC0D2C16}.Debug|Any CPU.Build.0 = Debug|iPhoneSimulator
		{8F91DE67-CBF4-44C9-8010-3F91BC0D2C16}.Debug|Any CPU.Deploy.0 = Debug|iPhoneSimulator
		{8F91DE67-CBF4-44C9-8010-3F91BC0D2C16}.Debug|iPhone.ActiveCfg = Debug|iPhone
		{8F91DE67-CBF4-44C9-8010-3F91BC0D2C16}.Debug|iPhone.Build.0 = Debug|iPhone
		{8F91DE67-CBF4-44C9-8010-3F91BC0D2C16}.Debug|iPhone.Deploy.0 = Debug|iPhone
		{8F91DE67-CBF4-44C9-8010-3F91BC0D2C16}.Debug|iPhoneSimulator.ActiveCfg = Debug|iPhoneSimulator
		{8F91DE67-CBF4-44C9-8010-3F91BC0D2C16}.Debug|iPhoneSimulator.Build.0 = Debug|iPhoneSimulator
		{8F91DE67-CBF4-44C9-8010-3F91BC0D2C16}.Debug|iPhoneSimulator.Deploy.0 = Debug|iPhoneSimulator
		{8F91DE67-CBF4-44C9-8010-3F91BC0D2C16}.Release|Any CPU.ActiveCfg = Release|iPhoneSimulator
		{8F91DE67-CBF4-44C9-8010-3F91BC0D2C16}.Release|Any CPU.Build.0 = Release|iPhoneSimulator
		{8F91DE67-CBF4-44C9-8010-3F91BC0D2C16}.Release|Any CPU.Deploy.0 = Release|iPhoneSimulator
		{8F91DE67-CBF4-44C9-8010-3F91BC0D2C16}.Release|iPhone.ActiveCfg = Release|iPhone
		{8F91DE67-CBF4-44C9-8010-3F91BC0D2C16}.Release|iPhone.Build.0 = Release|iPhone
		{8F91DE67-CBF4-44C9-8010-3F91BC0D2C16}.Release|iPhone.Deploy.0 = Release|iPhone
		{8F91DE67-CBF4-44C9-8010-3F91BC0D2C16}.Release|iPhoneSimulator.ActiveCfg = Release|iPhoneSimulator
		{8F91DE67-CBF4-44C9-8010-3F91BC0D2C16}.Release|iPhoneSimulator.Build.0 = Release|iPhoneSimulator
		{8F91DE67-CBF4-44C9-8010-3F91BC0D2C16}.Release|iPhoneSimulator.Deploy.0 = Release|iPhoneSimulator
	EndGlobalSection
EndGlobal
